
Microsoft Visual Studio Solution File, Format Version 12.00
# Visual Studio Version 17
VisualStudioVersion = 17.4.33110.190
MinimumVisualStudioVersion = 10.0.40219.1
Project("{9A19103F-16F7-4668-BE54-9A1E7A4F7556}") = "Asv.Drones.Gui", "Asv.Drones.Gui\Asv.Drones.Gui.csproj", "{77092DB1-F898-495F-954C-D9C40698FA9D}"
EndProject
Project("{9A19103F-16F7-4668-BE54-9A1E7A4F7556}") = "Asv.Drones.Gui.Core", "Asv.Drones.Gui.Core\Asv.Drones.Gui.Core.csproj", "{C6D3D650-FFE8-4DF1-A24B-D96227E1B3BA}"
EndProject
Project("{9A19103F-16F7-4668-BE54-9A1E7A4F7556}") = "Asv.Drones.Gui.Map", "Asv.Drones.Gui.Map\Asv.Drones.Gui.Map.csproj", "{EE80375E-24BF-4665-9609-E5F3F3795CB5}"
EndProject
Project("{9A19103F-16F7-4668-BE54-9A1E7A4F7556}") = "Asv.Drones.Gui.Uav", "Asv.Drones.Gui.Uav\Asv.Drones.Gui.Uav.csproj", "{4522555F-5114-4F75-B5F9-253595518396}"
EndProject
Project("{FAE04EC0-301F-11D3-BF4B-00C04F79EFBC}") = "Asv.Drones.Gui.Gbs", "Asv.Drones.Gui.Gbs\Asv.Drones.Gui.Gbs.csproj", "{7348E48B-AFF3-44D4-9446-7C774A867C8D}"
EndProject
Global
	GlobalSection(SolutionConfigurationPlatforms) = preSolution
		Debug|Any CPU = Debug|Any CPU
		Release|Any CPU = Release|Any CPU
	EndGlobalSection
	GlobalSection(ProjectConfigurationPlatforms) = postSolution
		{77092DB1-F898-495F-954C-D9C40698FA9D}.Debug|Any CPU.ActiveCfg = Debug|Any CPU
		{77092DB1-F898-495F-954C-D9C40698FA9D}.Debug|Any CPU.Build.0 = Debug|Any CPU
		{77092DB1-F898-495F-954C-D9C40698FA9D}.Release|Any CPU.ActiveCfg = Release|Any CPU
		{77092DB1-F898-495F-954C-D9C40698FA9D}.Release|Any CPU.Build.0 = Release|Any CPU
		{C6D3D650-FFE8-4DF1-A24B-D96227E1B3BA}.Debug|Any CPU.ActiveCfg = Debug|Any CPU
		{C6D3D650-FFE8-4DF1-A24B-D96227E1B3BA}.Debug|Any CPU.Build.0 = Debug|Any CPU
		{C6D3D650-FFE8-4DF1-A24B-D96227E1B3BA}.Release|Any CPU.ActiveCfg = Release|Any CPU
		{C6D3D650-FFE8-4DF1-A24B-D96227E1B3BA}.Release|Any CPU.Build.0 = Release|Any CPU
		{EE80375E-24BF-4665-9609-E5F3F3795CB5}.Debug|Any CPU.ActiveCfg = Debug|Any CPU
		{EE80375E-24BF-4665-9609-E5F3F3795CB5}.Debug|Any CPU.Build.0 = Debug|Any CPU
		{EE80375E-24BF-4665-9609-E5F3F3795CB5}.Release|Any CPU.ActiveCfg = Release|Any CPU
		{EE80375E-24BF-4665-9609-E5F3F3795CB5}.Release|Any CPU.Build.0 = Release|Any CPU
		{4522555F-5114-4F75-B5F9-253595518396}.Debug|Any CPU.ActiveCfg = Debug|Any CPU
		{4522555F-5114-4F75-B5F9-253595518396}.Debug|Any CPU.Build.0 = Debug|Any CPU
		{4522555F-5114-4F75-B5F9-253595518396}.Release|Any CPU.ActiveCfg = Release|Any CPU
		{4522555F-5114-4F75-B5F9-253595518396}.Release|Any CPU.Build.0 = Release|Any CPU
		{7348E48B-AFF3-44D4-9446-7C774A867C8D}.Debug|Any CPU.ActiveCfg = Debug|Any CPU
		{7348E48B-AFF3-44D4-9446-7C774A867C8D}.Debug|Any CPU.Build.0 = Debug|Any CPU
		{7348E48B-AFF3-44D4-9446-7C774A867C8D}.Release|Any CPU.ActiveCfg = Release|Any CPU
		{7348E48B-AFF3-44D4-9446-7C774A867C8D}.Release|Any CPU.Build.0 = Release|Any CPU
	EndGlobalSection
	GlobalSection(SolutionProperties) = preSolution
		HideSolutionNode = FALSE
	EndGlobalSection
	GlobalSection(ExtensibilityGlobals) = postSolution
		SolutionGuid = {8F428AD7-95DB-4DC1-B6D4-F064C2338AB5}
	EndGlobalSection
EndGlobal
